
Microsoft Visual Studio Solution File, Format Version 12.00
# Visual Studio Version 17
VisualStudioVersion = 17.12.35410.144 d17.12
MinimumVisualStudioVersion = 10.0.40219.1
Project("{FAE04EC0-301F-11D3-BF4B-00C04F79EFBC}") = "MyApiNight.Entity", "MyApiNight.Entity\MyApiNight.Entity.csproj", "{1AEA184A-47EA-4A93-BD0D-8A75174E0D8F}"
EndProject
Project("{FAE04EC0-301F-11D3-BF4B-00C04F79EFBC}") = "MyApiNight.DataAccess", "MyApiNight.DataAccess\MyApiNight.DataAccess.csproj", "{E1A45972-220E-40A9-BCD2-423B3CDEEBC6}"
EndProject
Project("{FAE04EC0-301F-11D3-BF4B-00C04F79EFBC}") = "MyApiNight.Business", "MyApiNight.Business\MyApiNight.Business.csproj", "{28163FBA-1845-45CB-A545-1DDFC8A22027}"
EndProject
Project("{FAE04EC0-301F-11D3-BF4B-00C04F79EFBC}") = "MyApiNight.WebApi", "MyApiNight.WebApi\MyApiNight.WebApi.csproj", "{17FE549E-A5F3-4AE0-9A8C-C1421EBD33B3}"
EndProject
Global
	GlobalSection(SolutionConfigurationPlatforms) = preSolution
		Debug|Any CPU = Debug|Any CPU
		Release|Any CPU = Release|Any CPU
	EndGlobalSection
	GlobalSection(ProjectConfigurationPlatforms) = postSolution
		{1AEA184A-47EA-4A93-BD0D-8A75174E0D8F}.Debug|Any CPU.ActiveCfg = Debug|Any CPU
		{1AEA184A-47EA-4A93-BD0D-8A75174E0D8F}.Debug|Any CPU.Build.0 = Debug|Any CPU
		{1AEA184A-47EA-4A93-BD0D-8A75174E0D8F}.Release|Any CPU.ActiveCfg = Release|Any CPU
		{1AEA184A-47EA-4A93-BD0D-8A75174E0D8F}.Release|Any CPU.Build.0 = Release|Any CPU
		{E1A45972-220E-40A9-BCD2-423B3CDEEBC6}.Debug|Any CPU.ActiveCfg = Debug|Any CPU
		{E1A45972-220E-40A9-BCD2-423B3CDEEBC6}.Debug|Any CPU.Build.0 = Debug|Any CPU
		{E1A45972-220E-40A9-BCD2-423B3CDEEBC6}.Release|Any CPU.ActiveCfg = Release|Any CPU
		{E1A45972-220E-40A9-BCD2-423B3CDEEBC6}.Release|Any CPU.Build.0 = Release|Any CPU
		{28163FBA-1845-45CB-A545-1DDFC8A22027}.Debug|Any CPU.ActiveCfg = Debug|Any CPU
		{28163FBA-1845-45CB-A545-1DDFC8A22027}.Debug|Any CPU.Build.0 = Debug|Any CPU
		{28163FBA-1845-45CB-A545-1DDFC8A22027}.Release|Any CPU.ActiveCfg = Release|Any CPU
		{28163FBA-1845-45CB-A545-1DDFC8A22027}.Release|Any CPU.Build.0 = Release|Any CPU
		{17FE549E-A5F3-4AE0-9A8C-C1421EBD33B3}.Debug|Any CPU.ActiveCfg = Debug|Any CPU
		{17FE549E-A5F3-4AE0-9A8C-C1421EBD33B3}.Debug|Any CPU.Build.0 = Debug|Any CPU
		{17FE549E-A5F3-4AE0-9A8C-C1421EBD33B3}.Release|Any CPU.ActiveCfg = Release|Any CPU
		{17FE549E-A5F3-4AE0-9A8C-C1421EBD33B3}.Release|Any CPU.Build.0 = Release|Any CPU
	EndGlobalSection
	GlobalSection(SolutionProperties) = preSolution
		HideSolutionNode = FALSE
	EndGlobalSection
EndGlobal
